// !$*UTF8*$!
{
	archiveVersion = 1;
	classes = {
	};
	objectVersion = 50;
	objects = {

/* Begin PBXBuildFile section */
		682BAFEF20C13F0D0047938B /* ad_background@2x.png in Resources */ = {isa = PBXBuildFile; fileRef = 682BAFEE20C13F0D0047938B /* ad_background@2x.png */; };
		682BAFF120C13F8D0047938B /* Images.xcassets in Resources */ = {isa = PBXBuildFile; fileRef = 682BAFF020C13F8C0047938B /* Images.xcassets */; };
		682BAFFA20C1413C0047938B /* AppDelegate.m in Sources */ = {isa = PBXBuildFile; fileRef = 682BAFF920C1413C0047938B /* AppDelegate.m */; };
		682BB00B20C142380047938B /* LBTabBarController.m in Sources */ = {isa = PBXBuildFile; fileRef = 682BB00A20C142380047938B /* LBTabBarController.m */; };
		682BB00E20C1426C0047938B /* LBNavigationController.m in Sources */ = {isa = PBXBuildFile; fileRef = 682BB00D20C1426C0047938B /* LBNavigationController.m */; };
		682BB01120C142E90047938B /* LBMessageTableVController.m in Sources */ = {isa = PBXBuildFile; fileRef = 682BB01020C142E90047938B /* LBMessageTableVController.m */; };
		682BB01420C142FB0047938B /* LBMineTableVController.m in Sources */ = {isa = PBXBuildFile; fileRef = 682BB01320C142FB0047938B /* LBMineTableVController.m */; };
		682BB01720C143140047938B /* LBDiscoverTableVController.m in Sources */ = {isa = PBXBuildFile; fileRef = 682BB01620C143140047938B /* LBDiscoverTableVController.m */; };
		682BB01A20C143240047938B /* LBHomeTableVController.m in Sources */ = {isa = PBXBuildFile; fileRef = 682BB01920C143240047938B /* LBHomeTableVController.m */; };
		682BB02E20C146270047938B /* NSString+Emoji.m in Sources */ = {isa = PBXBuildFile; fileRef = 682BB02320C146270047938B /* NSString+Emoji.m */; };
		682BB02F20C146270047938B /* UITextView+Extension.m in Sources */ = {isa = PBXBuildFile; fileRef = 682BB02420C146270047938B /* UITextView+Extension.m */; };
		682BB03020C146270047938B /* NSDate+Extension.m in Sources */ = {isa = PBXBuildFile; fileRef = 682BB02520C146270047938B /* NSDate+Extension.m */; };
		682BB03120C146270047938B /* NSString+Extension.m in Sources */ = {isa = PBXBuildFile; fileRef = 682BB02620C146270047938B /* NSString+Extension.m */; };
		682BB03220C146270047938B /* UIWindow+Extension.m in Sources */ = {isa = PBXBuildFile; fileRef = 682BB02720C146270047938B /* UIWindow+Extension.m */; };
		682BB03320C146270047938B /* UIBarButtonItem+Extension.m in Sources */ = {isa = PBXBuildFile; fileRef = 682BB02820C146270047938B /* UIBarButtonItem+Extension.m */; };
		682BB03420C146270047938B /* UIView+Extension.m in Sources */ = {isa = PBXBuildFile; fileRef = 682BB02920C146270047938B /* UIView+Extension.m */; };
		682BB03520C146270047938B /* FXBlurView.m in Sources */ = {isa = PBXBuildFile; fileRef = 682BB02D20C146270047938B /* FXBlurView.m */; };
		682BB03C20C14D060047938B /* LBOAuthController.m in Sources */ = {isa = PBXBuildFile; fileRef = 682BB03B20C14D060047938B /* LBOAuthController.m */; };
		682BB03F20C14D230047938B /* LBAccount.m in Sources */ = {isa = PBXBuildFile; fileRef = 682BB03E20C14D230047938B /* LBAccount.m */; };
		682BB04220C14D3B0047938B /* LBAccountTool.m in Sources */ = {isa = PBXBuildFile; fileRef = 682BB04120C14D3B0047938B /* LBAccountTool.m */; };
		682BB09720C14EE10047938B /* MBProgressHUD.m in Sources */ = {isa = PBXBuildFile; fileRef = 682BB04420C14EE00047938B /* MBProgressHUD.m */; };
		682BB09820C14EE10047938B /* MBProgressHUD+MJ.m in Sources */ = {isa = PBXBuildFile; fileRef = 682BB04720C14EE00047938B /* MBProgressHUD+MJ.m */; };
		682BB09920C14EE10047938B /* MBProgressHUD.bundle in Resources */ = {isa = PBXBuildFile; fileRef = 682BB04820C14EE00047938B /* MBProgressHUD.bundle */; };
		682BB09A20C14EE10047938B /* UIImage+WebP.m in Sources */ = {isa = PBXBuildFile; fileRef = 682BB04A20C14EE00047938B /* UIImage+WebP.m */; };
		682BB09B20C14EE10047938B /* MKAnnotationView+WebCache.m in Sources */ = {isa = PBXBuildFile; fileRef = 682BB04B20C14EE00047938B /* MKAnnotationView+WebCache.m */; };
		682BB09C20C14EE10047938B /* SDWebImageManager.m in Sources */ = {isa = PBXBuildFile; fileRef = 682BB04E20C14EE00047938B /* SDWebImageManager.m */; };
		682BB09D20C14EE10047938B /* SDWebImageDecoder.m in Sources */ = {isa = PBXBuildFile; fileRef = 682BB04F20C14EE00047938B /* SDWebImageDecoder.m */; };
		682BB09E20C14EE10047938B /* UIImageView+HighlightedWebCache.m in Sources */ = {isa = PBXBuildFile; fileRef = 682BB05120C14EE00047938B /* UIImageView+HighlightedWebCache.m */; };
		682BB09F20C14EE10047938B /* SDWebImageDownloader.m in Sources */ = {isa = PBXBuildFile; fileRef = 682BB05320C14EE00047938B /* SDWebImageDownloader.m */; };
		682BB0A020C14EE10047938B /* UIImage+GIF.m in Sources */ = {isa = PBXBuildFile; fileRef = 682BB05420C14EE00047938B /* UIImage+GIF.m */; };
		682BB0A120C14EE10047938B /* UIImage+MultiFormat.m in Sources */ = {isa = PBXBuildFile; fileRef = 682BB05620C14EE00047938B /* UIImage+MultiFormat.m */; };
		682BB0A220C14EE10047938B /* SDWebImageCompat.m in Sources */ = {isa = PBXBuildFile; fileRef = 682BB05720C14EE00047938B /* SDWebImageCompat.m */; };
		682BB0A320C14EE10047938B /* SDWebImagePrefetcher.m in Sources */ = {isa = PBXBuildFile; fileRef = 682BB05820C14EE00047938B /* SDWebImagePrefetcher.m */; };
		682BB0A420C14EE10047938B /* SDImageCache.m in Sources */ = {isa = PBXBuildFile; fileRef = 682BB05C20C14EE00047938B /* SDImageCache.m */; };
		682BB0A520C14EE10047938B /* SDWebImageDownloaderOperation.m in Sources */ = {isa = PBXBuildFile; fileRef = 682BB05E20C14EE00047938B /* SDWebImageDownloaderOperation.m */; };
		682BB0A620C14EE10047938B /* NSData+ImageContentType.m in Sources */ = {isa = PBXBuildFile; fileRef = 682BB06120C14EE00047938B /* NSData+ImageContentType.m */; };
		682BB0A720C14EE10047938B /* UIImageView+WebCache.m in Sources */ = {isa = PBXBuildFile; fileRef = 682BB06220C14EE00047938B /* UIImageView+WebCache.m */; };
		682BB0A820C14EE10047938B /* UIView+WebCacheOperation.m in Sources */ = {isa = PBXBuildFile; fileRef = 682BB06520C14EE00047938B /* UIView+WebCacheOperation.m */; };
		682BB0A920C14EE10047938B /* UIButton+WebCache.m in Sources */ = {isa = PBXBuildFile; fileRef = 682BB06920C14EE00047938B /* UIButton+WebCache.m */; };
		682BB0AA20C14EE10047938B /* AFURLResponseSerialization.m in Sources */ = {isa = PBXBuildFile; fileRef = 682BB07320C14EE00047938B /* AFURLResponseSerialization.m */; };
		682BB0AB20C14EE10047938B /* AFHTTPSessionManager.m in Sources */ = {isa = PBXBuildFile; fileRef = 682BB07420C14EE00047938B /* AFHTTPSessionManager.m */; };
		682BB0AC20C14EE10047938B /* AFURLConnectionOperation.m in Sources */ = {isa = PBXBuildFile; fileRef = 682BB07520C14EE00047938B /* AFURLConnectionOperation.m */; };
		682BB0AD20C14EE10047938B /* AFURLSessionManager.m in Sources */ = {isa = PBXBuildFile; fileRef = 682BB07720C14EE00047938B /* AFURLSessionManager.m */; };
		682BB0AE20C14EE10047938B /* AFHTTPRequestOperationManager.m in Sources */ = {isa = PBXBuildFile; fileRef = 682BB07820C14EE00047938B /* AFHTTPRequestOperationManager.m */; };
		682BB0AF20C14EE10047938B /* AFURLRequestSerialization.m in Sources */ = {isa = PBXBuildFile; fileRef = 682BB07920C14EE00047938B /* AFURLRequestSerialization.m */; };
		682BB0B020C14EE10047938B /* AFHTTPRequestOperation.m in Sources */ = {isa = PBXBuildFile; fileRef = 682BB07A20C14EE00047938B /* AFHTTPRequestOperation.m */; };
		682BB0B120C14EE10047938B /* AFNetworkReachabilityManager.m in Sources */ = {isa = PBXBuildFile; fileRef = 682BB07C20C14EE00047938B /* AFNetworkReachabilityManager.m */; };
		682BB0B220C14EE10047938B /* AFSecurityPolicy.m in Sources */ = {isa = PBXBuildFile; fileRef = 682BB07D20C14EE00047938B /* AFSecurityPolicy.m */; };
		682BB0B320C14EE10047938B /* MJMember.m in Sources */ = {isa = PBXBuildFile; fileRef = 682BB08020C14EE00047938B /* MJMember.m */; };
		682BB0B420C14EE10047938B /* NSObject+MJKeyValue.m in Sources */ = {isa = PBXBuildFile; fileRef = 682BB08320C14EE00047938B /* NSObject+MJKeyValue.m */; };
		682BB0B520C14EE10047938B /* MJIvar.m in Sources */ = {isa = PBXBuildFile; fileRef = 682BB08420C14EE00047938B /* MJIvar.m */; };
		682BB0B620C14EE10047938B /* MJType.m in Sources */ = {isa = PBXBuildFile; fileRef = 682BB08720C14EE00047938B /* MJType.m */; };
		682BB0B720C14EE10047938B /* MJConst.m in Sources */ = {isa = PBXBuildFile; fileRef = 682BB08820C14EE00047938B /* MJConst.m */; };
		682BB0B820C14EE10047938B /* MJTypeEncoding.m in Sources */ = {isa = PBXBuildFile; fileRef = 682BB08920C14EE00047938B /* MJTypeEncoding.m */; };
		682BB0B920C14EE10047938B /* NSObject+MJCoding.m in Sources */ = {isa = PBXBuildFile; fileRef = 682BB08A20C14EE00047938B /* NSObject+MJCoding.m */; };
		682BB0BA20C14EE10047938B /* MJMethod.m in Sources */ = {isa = PBXBuildFile; fileRef = 682BB08D20C14EE00047938B /* MJMethod.m */; };
		682BB0BB20C14EE10047938B /* MJArgument.m in Sources */ = {isa = PBXBuildFile; fileRef = 682BB08E20C14EE00047938B /* MJArgument.m */; };
		682BB0BC20C14EE10047938B /* MJFoundation.m in Sources */ = {isa = PBXBuildFile; fileRef = 682BB09520C14EE00047938B /* MJFoundation.m */; };
		682BB0BD20C14EE10047938B /* NSObject+MJMember.m in Sources */ = {isa = PBXBuildFile; fileRef = 682BB09620C14EE00047938B /* NSObject+MJMember.m */; };
		688172B520C13E89008AF49F /* Main.storyboard in Resources */ = {isa = PBXBuildFile; fileRef = 688172B320C13E89008AF49F /* Main.storyboard */; };
		688172BA20C13E8D008AF49F /* LaunchScreen.storyboard in Resources */ = {isa = PBXBuildFile; fileRef = 688172B820C13E8D008AF49F /* LaunchScreen.storyboard */; };
		688172BD20C13E8D008AF49F /* main.m in Sources */ = {isa = PBXBuildFile; fileRef = 688172BC20C13E8D008AF49F /* main.m */; };
/* End PBXBuildFile section */

/* Begin PBXFileReference section */
		682BAFEE20C13F0D0047938B /* ad_background@2x.png */ = {isa = PBXFileReference; lastKnownFileType = image.png; path = "ad_background@2x.png"; sourceTree = "<group>"; };
		682BAFF020C13F8C0047938B /* Images.xcassets */ = {isa = PBXFileReference; lastKnownFileType = folder.assetcatalog; path = Images.xcassets; sourceTree = "<group>"; };
		682BAFF820C1413C0047938B /* AppDelegate.h */ = {isa = PBXFileReference; fileEncoding = 4; lastKnownFileType = sourcecode.c.h; path = AppDelegate.h; sourceTree = "<group>"; };
		682BAFF920C1413C0047938B /* AppDelegate.m */ = {isa = PBXFileReference; fileEncoding = 4; lastKnownFileType = sourcecode.c.objc; path = AppDelegate.m; sourceTree = "<group>"; };
		682BB00920C142380047938B /* LBTabBarController.h */ = {isa = PBXFileReference; lastKnownFileType = sourcecode.c.h; path = LBTabBarController.h; sourceTree = "<group>"; };
		682BB00A20C142380047938B /* LBTabBarController.m */ = {isa = PBXFileReference; lastKnownFileType = sourcecode.c.objc; path = LBTabBarController.m; sourceTree = "<group>"; };
		682BB00C20C1426C0047938B /* LBNavigationController.h */ = {isa = PBXFileReference; lastKnownFileType = sourcecode.c.h; path = LBNavigationController.h; sourceTree = "<group>"; };
		682BB00D20C1426C0047938B /* LBNavigationController.m */ = {isa = PBXFileReference; lastKnownFileType = sourcecode.c.objc; path = LBNavigationController.m; sourceTree = "<group>"; };
		682BB00F20C142E90047938B /* LBMessageTableVController.h */ = {isa = PBXFileReference; lastKnownFileType = sourcecode.c.h; path = LBMessageTableVController.h; sourceTree = "<group>"; };
		682BB01020C142E90047938B /* LBMessageTableVController.m */ = {isa = PBXFileReference; lastKnownFileType = sourcecode.c.objc; path = LBMessageTableVController.m; sourceTree = "<group>"; };
		682BB01220C142FB0047938B /* LBMineTableVController.h */ = {isa = PBXFileReference; lastKnownFileType = sourcecode.c.h; path = LBMineTableVController.h; sourceTree = "<group>"; };
		682BB01320C142FB0047938B /* LBMineTableVController.m */ = {isa = PBXFileReference; lastKnownFileType = sourcecode.c.objc; path = LBMineTableVController.m; sourceTree = "<group>"; };
		682BB01520C143140047938B /* LBDiscoverTableVController.h */ = {isa = PBXFileReference; lastKnownFileType = sourcecode.c.h; path = LBDiscoverTableVController.h; sourceTree = "<group>"; };
		682BB01620C143140047938B /* LBDiscoverTableVController.m */ = {isa = PBXFileReference; lastKnownFileType = sourcecode.c.objc; path = LBDiscoverTableVController.m; sourceTree = "<group>"; };
		682BB01820C143240047938B /* LBHomeTableVController.h */ = {isa = PBXFileReference; lastKnownFileType = sourcecode.c.h; path = LBHomeTableVController.h; sourceTree = "<group>"; };
		682BB01920C143240047938B /* LBHomeTableVController.m */ = {isa = PBXFileReference; lastKnownFileType = sourcecode.c.objc; path = LBHomeTableVController.m; sourceTree = "<group>"; };
		682BB01D20C146270047938B /* UITextView+Extension.h */ = {isa = PBXFileReference; fileEncoding = 4; lastKnownFileType = sourcecode.c.h; path = "UITextView+Extension.h"; sourceTree = "<group>"; };
		682BB01E20C146270047938B /* UIWindow+Extension.h */ = {isa = PBXFileReference; fileEncoding = 4; lastKnownFileType = sourcecode.c.h; path = "UIWindow+Extension.h"; sourceTree = "<group>"; };
		682BB01F20C146270047938B /* NSString+Extension.h */ = {isa = PBXFileReference; fileEncoding = 4; lastKnownFileType = sourcecode.c.h; path = "NSString+Extension.h"; sourceTree = "<group>"; };
		682BB02020C146270047938B /* NSDate+Extension.h */ = {isa = PBXFileReference; fileEncoding = 4; lastKnownFileType = sourcecode.c.h; path = "NSDate+Extension.h"; sourceTree = "<group>"; };
		682BB02120C146270047938B /* UIView+Extension.h */ = {isa = PBXFileReference; fileEncoding = 4; lastKnownFileType = sourcecode.c.h; path = "UIView+Extension.h"; sourceTree = "<group>"; };
		682BB02220C146270047938B /* UIBarButtonItem+Extension.h */ = {isa = PBXFileReference; fileEncoding = 4; lastKnownFileType = sourcecode.c.h; path = "UIBarButtonItem+Extension.h"; sourceTree = "<group>"; };
		682BB02320C146270047938B /* NSString+Emoji.m */ = {isa = PBXFileReference; fileEncoding = 4; lastKnownFileType = sourcecode.c.objc; path = "NSString+Emoji.m"; sourceTree = "<group>"; };
		682BB02420C146270047938B /* UITextView+Extension.m */ = {isa = PBXFileReference; fileEncoding = 4; lastKnownFileType = sourcecode.c.objc; path = "UITextView+Extension.m"; sourceTree = "<group>"; };
		682BB02520C146270047938B /* NSDate+Extension.m */ = {isa = PBXFileReference; fileEncoding = 4; lastKnownFileType = sourcecode.c.objc; path = "NSDate+Extension.m"; sourceTree = "<group>"; };
		682BB02620C146270047938B /* NSString+Extension.m */ = {isa = PBXFileReference; fileEncoding = 4; lastKnownFileType = sourcecode.c.objc; path = "NSString+Extension.m"; sourceTree = "<group>"; };
		682BB02720C146270047938B /* UIWindow+Extension.m */ = {isa = PBXFileReference; fileEncoding = 4; lastKnownFileType = sourcecode.c.objc; path = "UIWindow+Extension.m"; sourceTree = "<group>"; };
		682BB02820C146270047938B /* UIBarButtonItem+Extension.m */ = {isa = PBXFileReference; fileEncoding = 4; lastKnownFileType = sourcecode.c.objc; path = "UIBarButtonItem+Extension.m"; sourceTree = "<group>"; };
		682BB02920C146270047938B /* UIView+Extension.m */ = {isa = PBXFileReference; fileEncoding = 4; lastKnownFileType = sourcecode.c.objc; path = "UIView+Extension.m"; sourceTree = "<group>"; };
		682BB02A20C146270047938B /* NSString+Emoji.h */ = {isa = PBXFileReference; fileEncoding = 4; lastKnownFileType = sourcecode.c.h; path = "NSString+Emoji.h"; sourceTree = "<group>"; };
		682BB02C20C146270047938B /* FXBlurView.h */ = {isa = PBXFileReference; fileEncoding = 4; lastKnownFileType = sourcecode.c.h; path = FXBlurView.h; sourceTree = "<group>"; };
		682BB02D20C146270047938B /* FXBlurView.m */ = {isa = PBXFileReference; fileEncoding = 4; lastKnownFileType = sourcecode.c.objc; path = FXBlurView.m; sourceTree = "<group>"; };
		682BB03A20C14D060047938B /* LBOAuthController.h */ = {isa = PBXFileReference; lastKnownFileType = sourcecode.c.h; path = LBOAuthController.h; sourceTree = "<group>"; };
		682BB03B20C14D060047938B /* LBOAuthController.m */ = {isa = PBXFileReference; lastKnownFileType = sourcecode.c.objc; path = LBOAuthController.m; sourceTree = "<group>"; };
		682BB03D20C14D230047938B /* LBAccount.h */ = {isa = PBXFileReference; lastKnownFileType = sourcecode.c.h; path = LBAccount.h; sourceTree = "<group>"; };
		682BB03E20C14D230047938B /* LBAccount.m */ = {isa = PBXFileReference; lastKnownFileType = sourcecode.c.objc; path = LBAccount.m; sourceTree = "<group>"; };
		682BB04020C14D3B0047938B /* LBAccountTool.h */ = {isa = PBXFileReference; lastKnownFileType = sourcecode.c.h; path = LBAccountTool.h; sourceTree = "<group>"; };
		682BB04120C14D3B0047938B /* LBAccountTool.m */ = {isa = PBXFileReference; lastKnownFileType = sourcecode.c.objc; path = LBAccountTool.m; sourceTree = "<group>"; };
		682BB04420C14EE00047938B /* MBProgressHUD.m */ = {isa = PBXFileReference; fileEncoding = 4; lastKnownFileType = sourcecode.c.objc; path = MBProgressHUD.m; sourceTree = "<group>"; };
		682BB04520C14EE00047938B /* MBProgressHUD+MJ.h */ = {isa = PBXFileReference; fileEncoding = 4; lastKnownFileType = sourcecode.c.h; path = "MBProgressHUD+MJ.h"; sourceTree = "<group>"; };
		682BB04620C14EE00047938B /* MBProgressHUD.h */ = {isa = PBXFileReference; fileEncoding = 4; lastKnownFileType = sourcecode.c.h; path = MBProgressHUD.h; sourceTree = "<group>"; };
		682BB04720C14EE00047938B /* MBProgressHUD+MJ.m */ = {isa = PBXFileReference; fileEncoding = 4; lastKnownFileType = sourcecode.c.objc; path = "MBProgressHUD+MJ.m"; sourceTree = "<group>"; };
		682BB04820C14EE00047938B /* MBProgressHUD.bundle */ = {isa = PBXFileReference; lastKnownFileType = "wrapper.plug-in"; path = MBProgressHUD.bundle; sourceTree = "<group>"; };
		682BB04A20C14EE00047938B /* UIImage+WebP.m */ = {isa = PBXFileReference; fileEncoding = 4; lastKnownFileType = sourcecode.c.objc; path = "UIImage+WebP.m"; sourceTree = "<group>"; };
		682BB04B20C14EE00047938B /* MKAnnotationView+WebCache.m */ = {isa = PBXFileReference; fileEncoding = 4; lastKnownFileType = sourcecode.c.objc; path = "MKAnnotationView+WebCache.m"; sourceTree = "<group>"; };
		682BB04C20C14EE00047938B /* UIImageView+WebCache.h */ = {isa = PBXFileReference; fileEncoding = 4; lastKnownFileType = sourcecode.c.h; path = "UIImageView+WebCache.h"; sourceTree = "<group>"; };
		682BB04D20C14EE00047938B /* NSData+ImageContentType.h */ = {isa = PBXFileReference; fileEncoding = 4; lastKnownFileType = sourcecode.c.h; path = "NSData+ImageContentType.h"; sourceTree = "<group>"; };
		682BB04E20C14EE00047938B /* SDWebImageManager.m */ = {isa = PBXFileReference; fileEncoding = 4; lastKnownFileType = sourcecode.c.objc; path = SDWebImageManager.m; sourceTree = "<group>"; };
		682BB04F20C14EE00047938B /* SDWebImageDecoder.m */ = {isa = PBXFileReference; fileEncoding = 4; lastKnownFileType = sourcecode.c.objc; path = SDWebImageDecoder.m; sourceTree = "<group>"; };
		682BB05020C14EE00047938B /* SDWebImageDownloaderOperation.h */ = {isa = PBXFileReference; fileEncoding = 4; lastKnownFileType = sourcecode.c.h; path = SDWebImageDownloaderOperation.h; sourceTree = "<group>"; };
		682BB05120C14EE00047938B /* UIImageView+HighlightedWebCache.m */ = {isa = PBXFileReference; fileEncoding = 4; lastKnownFileType = sourcecode.c.objc; path = "UIImageView+HighlightedWebCache.m"; sourceTree = "<group>"; };
		682BB05220C14EE00047938B /* SDImageCache.h */ = {isa = PBXFileReference; fileEncoding = 4; lastKnownFileType = sourcecode.c.h; path = SDImageCache.h; sourceTree = "<group>"; };
		682BB05320C14EE00047938B /* SDWebImageDownloader.m */ = {isa = PBXFileReference; fileEncoding = 4; lastKnownFileType = sourcecode.c.objc; path = SDWebImageDownloader.m; sourceTree = "<group>"; };
		682BB05420C14EE00047938B /* UIImage+GIF.m */ = {isa = PBXFileReference; fileEncoding = 4; lastKnownFileType = sourcecode.c.objc; path = "UIImage+GIF.m"; sourceTree = "<group>"; };
		682BB05520C14EE00047938B /* UIButton+WebCache.h */ = {isa = PBXFileReference; fileEncoding = 4; lastKnownFileType = sourcecode.c.h; path = "UIButton+WebCache.h"; sourceTree = "<group>"; };
		682BB05620C14EE00047938B /* UIImage+MultiFormat.m */ = {isa = PBXFileReference; fileEncoding = 4; lastKnownFileType = sourcecode.c.objc; path = "UIImage+MultiFormat.m"; sourceTree = "<group>"; };
		682BB05720C14EE00047938B /* SDWebImageCompat.m */ = {isa = PBXFileReference; fileEncoding = 4; lastKnownFileType = sourcecode.c.objc; path = SDWebImageCompat.m; sourceTree = "<group>"; };
		682BB05820C14EE00047938B /* SDWebImagePrefetcher.m */ = {isa = PBXFileReference; fileEncoding = 4; lastKnownFileType = sourcecode.c.objc; path = SDWebImagePrefetcher.m; sourceTree = "<group>"; };
		682BB05920C14EE00047938B /* UIView+WebCacheOperation.h */ = {isa = PBXFileReference; fileEncoding = 4; lastKnownFileType = sourcecode.c.h; path = "UIView+WebCacheOperation.h"; sourceTree = "<group>"; };
		682BB05A20C14EE00047938B /* MKAnnotationView+WebCache.h */ = {isa = PBXFileReference; fileEncoding = 4; lastKnownFileType = sourcecode.c.h; path = "MKAnnotationView+WebCache.h"; sourceTree = "<group>"; };
		682BB05B20C14EE00047938B /* UIImage+WebP.h */ = {isa = PBXFileReference; fileEncoding = 4; lastKnownFileType = sourcecode.c.h; path = "UIImage+WebP.h"; sourceTree = "<group>"; };
		682BB05C20C14EE00047938B /* SDImageCache.m */ = {isa = PBXFileReference; fileEncoding = 4; lastKnownFileType = sourcecode.c.objc; path = SDImageCache.m; sourceTree = "<group>"; };
		682BB05D20C14EE00047938B /* UIImageView+HighlightedWebCache.h */ = {isa = PBXFileReference; fileEncoding = 4; lastKnownFileType = sourcecode.c.h; path = "UIImageView+HighlightedWebCache.h"; sourceTree = "<group>"; };
		682BB05E20C14EE00047938B /* SDWebImageDownloaderOperation.m */ = {isa = PBXFileReference; fileEncoding = 4; lastKnownFileType = sourcecode.c.objc; path = SDWebImageDownloaderOperation.m; sourceTree = "<group>"; };
		682BB05F20C14EE00047938B /* SDWebImageDecoder.h */ = {isa = PBXFileReference; fileEncoding = 4; lastKnownFileType = sourcecode.c.h; path = SDWebImageDecoder.h; sourceTree = "<group>"; };
		682BB06020C14EE00047938B /* SDWebImageManager.h */ = {isa = PBXFileReference; fileEncoding = 4; lastKnownFileType = sourcecode.c.h; path = SDWebImageManager.h; sourceTree = "<group>"; };
		682BB06120C14EE00047938B /* NSData+ImageContentType.m */ = {isa = PBXFileReference; fileEncoding = 4; lastKnownFileType = sourcecode.c.objc; path = "NSData+ImageContentType.m"; sourceTree = "<group>"; };
		682BB06220C14EE00047938B /* UIImageView+WebCache.m */ = {isa = PBXFileReference; fileEncoding = 4; lastKnownFileType = sourcecode.c.objc; path = "UIImageView+WebCache.m"; sourceTree = "<group>"; };
		682BB06320C14EE00047938B /* SDWebImageOperation.h */ = {isa = PBXFileReference; fileEncoding = 4; lastKnownFileType = sourcecode.c.h; path = SDWebImageOperation.h; sourceTree = "<group>"; };
		682BB06420C14EE00047938B /* SDWebImageDownloader.h */ = {isa = PBXFileReference; fileEncoding = 4; lastKnownFileType = sourcecode.c.h; path = SDWebImageDownloader.h; sourceTree = "<group>"; };
		682BB06520C14EE00047938B /* UIView+WebCacheOperation.m */ = {isa = PBXFileReference; fileEncoding = 4; lastKnownFileType = sourcecode.c.objc; path = "UIView+WebCacheOperation.m"; sourceTree = "<group>"; };
		682BB06620C14EE00047938B /* SDWebImagePrefetcher.h */ = {isa = PBXFileReference; fileEncoding = 4; lastKnownFileType = sourcecode.c.h; path = SDWebImagePrefetcher.h; sourceTree = "<group>"; };
		682BB06720C14EE00047938B /* SDWebImageCompat.h */ = {isa = PBXFileReference; fileEncoding = 4; lastKnownFileType = sourcecode.c.h; path = SDWebImageCompat.h; sourceTree = "<group>"; };
		682BB06820C14EE00047938B /* UIImage+MultiFormat.h */ = {isa = PBXFileReference; fileEncoding = 4; lastKnownFileType = sourcecode.c.h; path = "UIImage+MultiFormat.h"; sourceTree = "<group>"; };
		682BB06920C14EE00047938B /* UIButton+WebCache.m */ = {isa = PBXFileReference; fileEncoding = 4; lastKnownFileType = sourcecode.c.objc; path = "UIButton+WebCache.m"; sourceTree = "<group>"; };
		682BB06A20C14EE00047938B /* UIImage+GIF.h */ = {isa = PBXFileReference; fileEncoding = 4; lastKnownFileType = sourcecode.c.h; path = "UIImage+GIF.h"; sourceTree = "<group>"; };
		682BB06C20C14EE00047938B /* AFSecurityPolicy.h */ = {isa = PBXFileReference; fileEncoding = 4; lastKnownFileType = sourcecode.c.h; path = AFSecurityPolicy.h; sourceTree = "<group>"; };
		682BB06D20C14EE00047938B /* AFNetworkReachabilityManager.h */ = {isa = PBXFileReference; fileEncoding = 4; lastKnownFileType = sourcecode.c.h; path = AFNetworkReachabilityManager.h; sourceTree = "<group>"; };
		682BB06E20C14EE00047938B /* AFHTTPRequestOperation.h */ = {isa = PBXFileReference; fileEncoding = 4; lastKnownFileType = sourcecode.c.h; path = AFHTTPRequestOperation.h; sourceTree = "<group>"; };
		682BB06F20C14EE00047938B /* AFHTTPRequestOperationManager.h */ = {isa = PBXFileReference; fileEncoding = 4; lastKnownFileType = sourcecode.c.h; path = AFHTTPRequestOperationManager.h; sourceTree = "<group>"; };
		682BB07020C14EE00047938B /* AFURLSessionManager.h */ = {isa = PBXFileReference; fileEncoding = 4; lastKnownFileType = sourcecode.c.h; path = AFURLSessionManager.h; sourceTree = "<group>"; };
		682BB07120C14EE00047938B /* AFURLRequestSerialization.h */ = {isa = PBXFileReference; fileEncoding = 4; lastKnownFileType = sourcecode.c.h; path = AFURLRequestSerialization.h; sourceTree = "<group>"; };
		682BB07220C14EE00047938B /* AFURLConnectionOperation.h */ = {isa = PBXFileReference; fileEncoding = 4; lastKnownFileType = sourcecode.c.h; path = AFURLConnectionOperation.h; sourceTree = "<group>"; };
		682BB07320C14EE00047938B /* AFURLResponseSerialization.m */ = {isa = PBXFileReference; fileEncoding = 4; lastKnownFileType = sourcecode.c.objc; path = AFURLResponseSerialization.m; sourceTree = "<group>"; };
		682BB07420C14EE00047938B /* AFHTTPSessionManager.m */ = {isa = PBXFileReference; fileEncoding = 4; lastKnownFileType = sourcecode.c.objc; path = AFHTTPSessionManager.m; sourceTree = "<group>"; };
		682BB07520C14EE00047938B /* AFURLConnectionOperation.m */ = {isa = PBXFileReference; fileEncoding = 4; lastKnownFileType = sourcecode.c.objc; path = AFURLConnectionOperation.m; sourceTree = "<group>"; };
		682BB07620C14EE00047938B /* AFURLResponseSerialization.h */ = {isa = PBXFileReference; fileEncoding = 4; lastKnownFileType = sourcecode.c.h; path = AFURLResponseSerialization.h; sourceTree = "<group>"; };
		682BB07720C14EE00047938B /* AFURLSessionManager.m */ = {isa = PBXFileReference; fileEncoding = 4; lastKnownFileType = sourcecode.c.objc; path = AFURLSessionManager.m; sourceTree = "<group>"; };
		682BB07820C14EE00047938B /* AFHTTPRequestOperationManager.m */ = {isa = PBXFileReference; fileEncoding = 4; lastKnownFileType = sourcecode.c.objc; path = AFHTTPRequestOperationManager.m; sourceTree = "<group>"; };
		682BB07920C14EE00047938B /* AFURLRequestSerialization.m */ = {isa = PBXFileReference; fileEncoding = 4; lastKnownFileType = sourcecode.c.objc; path = AFURLRequestSerialization.m; sourceTree = "<group>"; };
		682BB07A20C14EE00047938B /* AFHTTPRequestOperation.m */ = {isa = PBXFileReference; fileEncoding = 4; lastKnownFileType = sourcecode.c.objc; path = AFHTTPRequestOperation.m; sourceTree = "<group>"; };
		682BB07B20C14EE00047938B /* AFNetworking.h */ = {isa = PBXFileReference; fileEncoding = 4; lastKnownFileType = sourcecode.c.h; path = AFNetworking.h; sourceTree = "<group>"; };
		682BB07C20C14EE00047938B /* AFNetworkReachabilityManager.m */ = {isa = PBXFileReference; fileEncoding = 4; lastKnownFileType = sourcecode.c.objc; path = AFNetworkReachabilityManager.m; sourceTree = "<group>"; };
		682BB07D20C14EE00047938B /* AFSecurityPolicy.m */ = {isa = PBXFileReference; fileEncoding = 4; lastKnownFileType = sourcecode.c.objc; path = AFSecurityPolicy.m; sourceTree = "<group>"; };
		682BB07E20C14EE00047938B /* AFHTTPSessionManager.h */ = {isa = PBXFileReference; fileEncoding = 4; lastKnownFileType = sourcecode.c.h; path = AFHTTPSessionManager.h; sourceTree = "<group>"; };
		682BB08020C14EE00047938B /* MJMember.m */ = {isa = PBXFileReference; fileEncoding = 4; lastKnownFileType = sourcecode.c.objc; path = MJMember.m; sourceTree = "<group>"; };
		682BB08120C14EE00047938B /* MJArgument.h */ = {isa = PBXFileReference; fileEncoding = 4; lastKnownFileType = sourcecode.c.h; path = MJArgument.h; sourceTree = "<group>"; };
		682BB08220C14EE00047938B /* MJMethod.h */ = {isa = PBXFileReference; fileEncoding = 4; lastKnownFileType = sourcecode.c.h; path = MJMethod.h; sourceTree = "<group>"; };
		682BB08320C14EE00047938B /* NSObject+MJKeyValue.m */ = {isa = PBXFileReference; fileEncoding = 4; lastKnownFileType = sourcecode.c.objc; path = "NSObject+MJKeyValue.m"; sourceTree = "<group>"; };
		682BB08420C14EE00047938B /* MJIvar.m */ = {isa = PBXFileReference; fileEncoding = 4; lastKnownFileType = sourcecode.c.objc; path = MJIvar.m; sourceTree = "<group>"; };
		682BB08520C14EE00047938B /* NSObject+MJMember.h */ = {isa = PBXFileReference; fileEncoding = 4; lastKnownFileType = sourcecode.c.h; path = "NSObject+MJMember.h"; sourceTree = "<group>"; };
		682BB08620C14EE00047938B /* MJFoundation.h */ = {isa = PBXFileReference; fileEncoding = 4; lastKnownFileType = sourcecode.c.h; path = MJFoundation.h; sourceTree = "<group>"; };
		682BB08720C14EE00047938B /* MJType.m */ = {isa = PBXFileReference; fileEncoding = 4; lastKnownFileType = sourcecode.c.objc; path = MJType.m; sourceTree = "<group>"; };
		682BB08820C14EE00047938B /* MJConst.m */ = {isa = PBXFileReference; fileEncoding = 4; lastKnownFileType = sourcecode.c.objc; path = MJConst.m; sourceTree = "<group>"; };
		682BB08920C14EE00047938B /* MJTypeEncoding.m */ = {isa = PBXFileReference; fileEncoding = 4; lastKnownFileType = sourcecode.c.objc; path = MJTypeEncoding.m; sourceTree = "<group>"; };
		682BB08A20C14EE00047938B /* NSObject+MJCoding.m */ = {isa = PBXFileReference; fileEncoding = 4; lastKnownFileType = sourcecode.c.objc; path = "NSObject+MJCoding.m"; sourceTree = "<group>"; };
		682BB08B20C14EE00047938B /* MJExtension.h */ = {isa = PBXFileReference; fileEncoding = 4; lastKnownFileType = sourcecode.c.h; path = MJExtension.h; sourceTree = "<group>"; };
		682BB08C20C14EE00047938B /* MJMember.h */ = {isa = PBXFileReference; fileEncoding = 4; lastKnownFileType = sourcecode.c.h; path = MJMember.h; sourceTree = "<group>"; };
		682BB08D20C14EE00047938B /* MJMethod.m */ = {isa = PBXFileReference; fileEncoding = 4; lastKnownFileType = sourcecode.c.objc; path = MJMethod.m; sourceTree = "<group>"; };
		682BB08E20C14EE00047938B /* MJArgument.m */ = {isa = PBXFileReference; fileEncoding = 4; lastKnownFileType = sourcecode.c.objc; path = MJArgument.m; sourceTree = "<group>"; };
		682BB08F20C14EE00047938B /* MJIvar.h */ = {isa = PBXFileReference; fileEncoding = 4; lastKnownFileType = sourcecode.c.h; path = MJIvar.h; sourceTree = "<group>"; };
		682BB09020C14EE00047938B /* NSObject+MJKeyValue.h */ = {isa = PBXFileReference; fileEncoding = 4; lastKnownFileType = sourcecode.c.h; path = "NSObject+MJKeyValue.h"; sourceTree = "<group>"; };
		682BB09120C14EE00047938B /* NSObject+MJCoding.h */ = {isa = PBXFileReference; fileEncoding = 4; lastKnownFileType = sourcecode.c.h; path = "NSObject+MJCoding.h"; sourceTree = "<group>"; };
		682BB09220C14EE00047938B /* MJTypeEncoding.h */ = {isa = PBXFileReference; fileEncoding = 4; lastKnownFileType = sourcecode.c.h; path = MJTypeEncoding.h; sourceTree = "<group>"; };
		682BB09320C14EE00047938B /* MJConst.h */ = {isa = PBXFileReference; fileEncoding = 4; lastKnownFileType = sourcecode.c.h; path = MJConst.h; sourceTree = "<group>"; };
		682BB09420C14EE00047938B /* MJType.h */ = {isa = PBXFileReference; fileEncoding = 4; lastKnownFileType = sourcecode.c.h; path = MJType.h; sourceTree = "<group>"; };
		682BB09520C14EE00047938B /* MJFoundation.m */ = {isa = PBXFileReference; fileEncoding = 4; lastKnownFileType = sourcecode.c.objc; path = MJFoundation.m; sourceTree = "<group>"; };
		682BB09620C14EE00047938B /* NSObject+MJMember.m */ = {isa = PBXFileReference; fileEncoding = 4; lastKnownFileType = sourcecode.c.objc; path = "NSObject+MJMember.m"; sourceTree = "<group>"; };
		688172AA20C13E89008AF49F /* LBOCWeiBo.app */ = {isa = PBXFileReference; explicitFileType = wrapper.application; includeInIndex = 0; path = LBOCWeiBo.app; sourceTree = BUILT_PRODUCTS_DIR; };
		688172B420C13E89008AF49F /* Base */ = {isa = PBXFileReference; lastKnownFileType = file.storyboard; name = Base; path = Base.lproj/Main.storyboard; sourceTree = "<group>"; };
		688172B920C13E8D008AF49F /* Base */ = {isa = PBXFileReference; lastKnownFileType = file.storyboard; name = Base; path = Base.lproj/LaunchScreen.storyboard; sourceTree = "<group>"; };
		688172BB20C13E8D008AF49F /* Info.plist */ = {isa = PBXFileReference; lastKnownFileType = text.plist.xml; path = Info.plist; sourceTree = "<group>"; };
		688172BC20C13E8D008AF49F /* main.m */ = {isa = PBXFileReference; lastKnownFileType = sourcecode.c.objc; path = main.m; sourceTree = "<group>"; };
/* End PBXFileReference section */

/* Begin PBXFrameworksBuildPhase section */
		688172A720C13E89008AF49F /* Frameworks */ = {
			isa = PBXFrameworksBuildPhase;
			buildActionMask = 2147483647;
			files = (
			);
			runOnlyForDeploymentPostprocessing = 0;
		};
/* End PBXFrameworksBuildPhase section */

/* Begin PBXGroup section */
		682BAFF220C1403D0047938B /* Mine */ = {
			isa = PBXGroup;
			children = (
				682BB00720C1420E0047938B /* Controller */,
				682BB00820C1420E0047938B /* Model */,
				682BB00620C1420E0047938B /* View */,
			);
			path = Mine;
			sourceTree = "<group>";
		};
		682BAFF320C1403D0047938B /* Message */ = {
			isa = PBXGroup;
			children = (
				682BB00520C142050047938B /* Controller */,
				682BB00320C142050047938B /* Model */,
				682BB00420C142050047938B /* View */,
			);
			path = Message;
			sourceTree = "<group>";
		};
		682BAFF420C1403D0047938B /* Home */ = {
			isa = PBXGroup;
			children = (
				682BB00020C141F10047938B /* Controller */,
				682BAFFE20C141F10047938B /* Model */,
				682BAFFF20C141F10047938B /* View */,
			);
			path = Home;
			sourceTree = "<group>";
		};
		682BAFF520C1403D0047938B /* Discover */ = {
			isa = PBXGroup;
			children = (
				682BAFFC20C141E50047938B /* Controller */,
				682BAFFD20C141E50047938B /* Model */,
				682BAFFB20C141E50047938B /* View */,
			);
			path = Discover;
			sourceTree = "<group>";
		};
		682BAFF620C1403D0047938B /* Main */ = {
			isa = PBXGroup;
			children = (
				682BB00220C141FD0047938B /* Controller */,
				682BB00120C141FD0047938B /* View */,
			);
			path = Main;
			sourceTree = "<group>";
		};
		682BAFF720C1413C0047938B /* AppDelegate */ = {
			isa = PBXGroup;
			children = (
				682BAFF820C1413C0047938B /* AppDelegate.h */,
				682BAFF920C1413C0047938B /* AppDelegate.m */,
			);
			path = AppDelegate;
			sourceTree = "<group>";
		};
		682BAFFB20C141E50047938B /* View */ = {
			isa = PBXGroup;
			children = (
			);
			path = View;
			sourceTree = "<group>";
		};
		682BAFFC20C141E50047938B /* Controller */ = {
			isa = PBXGroup;
			children = (
				682BB01520C143140047938B /* LBDiscoverTableVController.h */,
				682BB01620C143140047938B /* LBDiscoverTableVController.m */,
			);
			path = Controller;
			sourceTree = "<group>";
		};
		682BAFFD20C141E50047938B /* Model */ = {
			isa = PBXGroup;
			children = (
			);
			path = Model;
			sourceTree = "<group>";
		};
		682BAFFE20C141F10047938B /* Model */ = {
			isa = PBXGroup;
			children = (
			);
			path = Model;
			sourceTree = "<group>";
		};
		682BAFFF20C141F10047938B /* View */ = {
			isa = PBXGroup;
			children = (
			);
			path = View;
			sourceTree = "<group>";
		};
		682BB00020C141F10047938B /* Controller */ = {
			isa = PBXGroup;
			children = (
				682BB01820C143240047938B /* LBHomeTableVController.h */,
				682BB01920C143240047938B /* LBHomeTableVController.m */,
			);
			path = Controller;
			sourceTree = "<group>";
		};
		682BB00120C141FD0047938B /* View */ = {
			isa = PBXGroup;
			children = (
			);
			path = View;
			sourceTree = "<group>";
		};
		682BB00220C141FD0047938B /* Controller */ = {
			isa = PBXGroup;
			children = (
				682BB00920C142380047938B /* LBTabBarController.h */,
				682BB00A20C142380047938B /* LBTabBarController.m */,
				682BB00C20C1426C0047938B /* LBNavigationController.h */,
				682BB00D20C1426C0047938B /* LBNavigationController.m */,
			);
			path = Controller;
			sourceTree = "<group>";
		};
		682BB00320C142050047938B /* Model */ = {
			isa = PBXGroup;
			children = (
			);
			path = Model;
			sourceTree = "<group>";
		};
		682BB00420C142050047938B /* View */ = {
			isa = PBXGroup;
			children = (
			);
			path = View;
			sourceTree = "<group>";
		};
		682BB00520C142050047938B /* Controller */ = {
			isa = PBXGroup;
			children = (
				682BB00F20C142E90047938B /* LBMessageTableVController.h */,
				682BB01020C142E90047938B /* LBMessageTableVController.m */,
			);
			path = Controller;
			sourceTree = "<group>";
		};
		682BB00620C1420E0047938B /* View */ = {
			isa = PBXGroup;
			children = (
			);
			path = View;
			sourceTree = "<group>";
		};
		682BB00720C1420E0047938B /* Controller */ = {
			isa = PBXGroup;
			children = (
				682BB01220C142FB0047938B /* LBMineTableVController.h */,
				682BB01320C142FB0047938B /* LBMineTableVController.m */,
			);
			path = Controller;
			sourceTree = "<group>";
		};
		682BB00820C1420E0047938B /* Model */ = {
			isa = PBXGroup;
			children = (
			);
			path = Model;
			sourceTree = "<group>";
		};
		682BB01B20C146270047938B /* Orther */ = {
			isa = PBXGroup;
			children = (
				682BB06B20C14EE00047938B /* AFNetworking */,
				682BB04320C14EE00047938B /* MBProgressHUD */,
				682BB07F20C14EE00047938B /* MJExtension */,
				682BB04920C14EE00047938B /* SDWebImage */,
				682BB01C20C146270047938B /* Category */,
				682BB02B20C146270047938B /* FXBlurView */,
			);
			path = Orther;
			sourceTree = "<group>";
		};
		682BB01C20C146270047938B /* Category */ = {
			isa = PBXGroup;
			children = (
				682BB01D20C146270047938B /* UITextView+Extension.h */,
				682BB01E20C146270047938B /* UIWindow+Extension.h */,
				682BB02020C146270047938B /* NSDate+Extension.h */,
				682BB02120C146270047938B /* UIView+Extension.h */,
				682BB02220C146270047938B /* UIBarButtonItem+Extension.h */,
				682BB02320C146270047938B /* NSString+Emoji.m */,
				682BB02420C146270047938B /* UITextView+Extension.m */,
				682BB02520C146270047938B /* NSDate+Extension.m */,
				682BB01F20C146270047938B /* NSString+Extension.h */,
				682BB02620C146270047938B /* NSString+Extension.m */,
				682BB02720C146270047938B /* UIWindow+Extension.m */,
				682BB02820C146270047938B /* UIBarButtonItem+Extension.m */,
				682BB02920C146270047938B /* UIView+Extension.m */,
				682BB02A20C146270047938B /* NSString+Emoji.h */,
			);
			path = Category;
			sourceTree = "<group>";
		};
		682BB02B20C146270047938B /* FXBlurView */ = {
			isa = PBXGroup;
			children = (
				682BB02C20C146270047938B /* FXBlurView.h */,
				682BB02D20C146270047938B /* FXBlurView.m */,
			);
			path = FXBlurView;
			sourceTree = "<group>";
		};
		682BB03620C14CCE0047938B /* OAuth */ = {
			isa = PBXGroup;
			children = (
				682BB03720C14CCE0047938B /* Controller */,
				682BB03820C14CCE0047938B /* Model */,
				682BB03920C14CCE0047938B /* Tool */,
			);
			path = OAuth;
			sourceTree = "<group>";
		};
		682BB03720C14CCE0047938B /* Controller */ = {
			isa = PBXGroup;
			children = (
				682BB03A20C14D060047938B /* LBOAuthController.h */,
				682BB03B20C14D060047938B /* LBOAuthController.m */,
			);
			path = Controller;
			sourceTree = "<group>";
		};
		682BB03820C14CCE0047938B /* Model */ = {
			isa = PBXGroup;
			children = (
				682BB03D20C14D230047938B /* LBAccount.h */,
				682BB03E20C14D230047938B /* LBAccount.m */,
			);
			path = Model;
			sourceTree = "<group>";
		};
		682BB03920C14CCE0047938B /* Tool */ = {
			isa = PBXGroup;
			children = (
				682BB04020C14D3B0047938B /* LBAccountTool.h */,
				682BB04120C14D3B0047938B /* LBAccountTool.m */,
			);
			path = Tool;
			sourceTree = "<group>";
		};
		682BB04320C14EE00047938B /* MBProgressHUD */ = {
			isa = PBXGroup;
			children = (
				682BB04420C14EE00047938B /* MBProgressHUD.m */,
				682BB04520C14EE00047938B /* MBProgressHUD+MJ.h */,
				682BB04620C14EE00047938B /* MBProgressHUD.h */,
				682BB04720C14EE00047938B /* MBProgressHUD+MJ.m */,
				682BB04820C14EE00047938B /* MBProgressHUD.bundle */,
			);
			path = MBProgressHUD;
			sourceTree = "<group>";
		};
		682BB04920C14EE00047938B /* SDWebImage */ = {
			isa = PBXGroup;
			children = (
				682BB04A20C14EE00047938B /* UIImage+WebP.m */,
				682BB04B20C14EE00047938B /* MKAnnotationView+WebCache.m */,
				682BB04C20C14EE00047938B /* UIImageView+WebCache.h */,
				682BB04D20C14EE00047938B /* NSData+ImageContentType.h */,
				682BB04E20C14EE00047938B /* SDWebImageManager.m */,
				682BB04F20C14EE00047938B /* SDWebImageDecoder.m */,
				682BB05020C14EE00047938B /* SDWebImageDownloaderOperation.h */,
				682BB05120C14EE00047938B /* UIImageView+HighlightedWebCache.m */,
				682BB05220C14EE00047938B /* SDImageCache.h */,
				682BB05320C14EE00047938B /* SDWebImageDownloader.m */,
				682BB05420C14EE00047938B /* UIImage+GIF.m */,
				682BB05520C14EE00047938B /* UIButton+WebCache.h */,
				682BB05620C14EE00047938B /* UIImage+MultiFormat.m */,
				682BB05720C14EE00047938B /* SDWebImageCompat.m */,
				682BB05820C14EE00047938B /* SDWebImagePrefetcher.m */,
				682BB05920C14EE00047938B /* UIView+WebCacheOperation.h */,
				682BB05A20C14EE00047938B /* MKAnnotationView+WebCache.h */,
				682BB05B20C14EE00047938B /* UIImage+WebP.h */,
				682BB05C20C14EE00047938B /* SDImageCache.m */,
				682BB05D20C14EE00047938B /* UIImageView+HighlightedWebCache.h */,
				682BB05E20C14EE00047938B /* SDWebImageDownloaderOperation.m */,
				682BB05F20C14EE00047938B /* SDWebImageDecoder.h */,
				682BB06020C14EE00047938B /* SDWebImageManager.h */,
				682BB06120C14EE00047938B /* NSData+ImageContentType.m */,
				682BB06220C14EE00047938B /* UIImageView+WebCache.m */,
				682BB06320C14EE00047938B /* SDWebImageOperation.h */,
				682BB06420C14EE00047938B /* SDWebImageDownloader.h */,
				682BB06520C14EE00047938B /* UIView+WebCacheOperation.m */,
				682BB06620C14EE00047938B /* SDWebImagePrefetcher.h */,
				682BB06720C14EE00047938B /* SDWebImageCompat.h */,
				682BB06820C14EE00047938B /* UIImage+MultiFormat.h */,
				682BB06920C14EE00047938B /* UIButton+WebCache.m */,
				682BB06A20C14EE00047938B /* UIImage+GIF.h */,
			);
			path = SDWebImage;
			sourceTree = "<group>";
		};
		682BB06B20C14EE00047938B /* AFNetworking */ = {
			isa = PBXGroup;
			children = (
				682BB06C20C14EE00047938B /* AFSecurityPolicy.h */,
				682BB06D20C14EE00047938B /* AFNetworkReachabilityManager.h */,
				682BB06E20C14EE00047938B /* AFHTTPRequestOperation.h */,
				682BB06F20C14EE00047938B /* AFHTTPRequestOperationManager.h */,
				682BB07020C14EE00047938B /* AFURLSessionManager.h */,
				682BB07120C14EE00047938B /* AFURLRequestSerialization.h */,
				682BB07220C14EE00047938B /* AFURLConnectionOperation.h */,
				682BB07320C14EE00047938B /* AFURLResponseSerialization.m */,
				682BB07420C14EE00047938B /* AFHTTPSessionManager.m */,
				682BB07520C14EE00047938B /* AFURLConnectionOperation.m */,
				682BB07620C14EE00047938B /* AFURLResponseSerialization.h */,
				682BB07720C14EE00047938B /* AFURLSessionManager.m */,
				682BB07820C14EE00047938B /* AFHTTPRequestOperationManager.m */,
				682BB07920C14EE00047938B /* AFURLRequestSerialization.m */,
				682BB07A20C14EE00047938B /* AFHTTPRequestOperation.m */,
				682BB07B20C14EE00047938B /* AFNetworking.h */,
				682BB07C20C14EE00047938B /* AFNetworkReachabilityManager.m */,
				682BB07D20C14EE00047938B /* AFSecurityPolicy.m */,
				682BB07E20C14EE00047938B /* AFHTTPSessionManager.h */,
			);
			path = AFNetworking;
			sourceTree = "<group>";
		};
		682BB07F20C14EE00047938B /* MJExtension */ = {
			isa = PBXGroup;
			children = (
				682BB08020C14EE00047938B /* MJMember.m */,
				682BB08120C14EE00047938B /* MJArgument.h */,
				682BB08220C14EE00047938B /* MJMethod.h */,
				682BB08320C14EE00047938B /* NSObject+MJKeyValue.m */,
				682BB08420C14EE00047938B /* MJIvar.m */,
				682BB08520C14EE00047938B /* NSObject+MJMember.h */,
				682BB08620C14EE00047938B /* MJFoundation.h */,
				682BB08720C14EE00047938B /* MJType.m */,
				682BB08820C14EE00047938B /* MJConst.m */,
				682BB08920C14EE00047938B /* MJTypeEncoding.m */,
				682BB08A20C14EE00047938B /* NSObject+MJCoding.m */,
				682BB08B20C14EE00047938B /* MJExtension.h */,
				682BB08C20C14EE00047938B /* MJMember.h */,
				682BB08D20C14EE00047938B /* MJMethod.m */,
				682BB08E20C14EE00047938B /* MJArgument.m */,
				682BB08F20C14EE00047938B /* MJIvar.h */,
				682BB09020C14EE00047938B /* NSObject+MJKeyValue.h */,
				682BB09120C14EE00047938B /* NSObject+MJCoding.h */,
				682BB09220C14EE00047938B /* MJTypeEncoding.h */,
				682BB09320C14EE00047938B /* MJConst.h */,
				682BB09420C14EE00047938B /* MJType.h */,
				682BB09520C14EE00047938B /* MJFoundation.m */,
				682BB09620C14EE00047938B /* NSObject+MJMember.m */,
			);
			path = MJExtension;
			sourceTree = "<group>";
		};
		688172A120C13E89008AF49F = {
			isa = PBXGroup;
			children = (
				688172AC20C13E89008AF49F /* LBOCWeiBo */,
				688172AB20C13E89008AF49F /* Products */,
			);
			sourceTree = "<group>";
		};
		688172AB20C13E89008AF49F /* Products */ = {
			isa = PBXGroup;
			children = (
				688172AA20C13E89008AF49F /* LBOCWeiBo.app */,
			);
			name = Products;
			sourceTree = "<group>";
		};
		688172AC20C13E89008AF49F /* LBOCWeiBo */ = {
			isa = PBXGroup;
			children = (
				682BAFF720C1413C0047938B /* AppDelegate */,
				682BAFF520C1403D0047938B /* Discover */,
				682BAFF420C1403D0047938B /* Home */,
				682BAFF620C1403D0047938B /* Main */,
				682BAFF320C1403D0047938B /* Message */,
				682BAFF220C1403D0047938B /* Mine */,
				682BB03620C14CCE0047938B /* OAuth */,
				682BB01B20C146270047938B /* Orther */,
				682BAFEE20C13F0D0047938B /* ad_background@2x.png */,
				688172B320C13E89008AF49F /* Main.storyboard */,
				682BAFF020C13F8C0047938B /* Images.xcassets */,
				688172B820C13E8D008AF49F /* LaunchScreen.storyboard */,
				688172BB20C13E8D008AF49F /* Info.plist */,
				688172BC20C13E8D008AF49F /* main.m */,
			);
			path = LBOCWeiBo;
			sourceTree = "<group>";
		};
/* End PBXGroup section */

/* Begin PBXNativeTarget section */
		688172A920C13E89008AF49F /* LBOCWeiBo */ = {
			isa = PBXNativeTarget;
			buildConfigurationList = 688172C020C13E8D008AF49F /* Build configuration list for PBXNativeTarget "LBOCWeiBo" */;
			buildPhases = (
				688172A620C13E89008AF49F /* Sources */,
				688172A720C13E89008AF49F /* Frameworks */,
				688172A820C13E89008AF49F /* Resources */,
			);
			buildRules = (
			);
			dependencies = (
			);
			name = LBOCWeiBo;
			productName = LBOCWeiBo;
			productReference = 688172AA20C13E89008AF49F /* LBOCWeiBo.app */;
			productType = "com.apple.product-type.application";
		};
/* End PBXNativeTarget section */

/* Begin PBXProject section */
		688172A220C13E89008AF49F /* Project object */ = {
			isa = PBXProject;
			attributes = {
				LastUpgradeCheck = 0930;
				ORGANIZATIONNAME = liubo;
				TargetAttributes = {
					688172A920C13E89008AF49F = {
						CreatedOnToolsVersion = 9.3.1;
					};
				};
			};
			buildConfigurationList = 688172A520C13E89008AF49F /* Build configuration list for PBXProject "LBOCWeiBo" */;
			compatibilityVersion = "Xcode 9.3";
			developmentRegion = en;
			hasScannedForEncodings = 0;
			knownRegions = (
				en,
				Base,
			);
			mainGroup = 688172A120C13E89008AF49F;
			productRefGroup = 688172AB20C13E89008AF49F /* Products */;
			projectDirPath = "";
			projectRoot = "";
			targets = (
				688172A920C13E89008AF49F /* LBOCWeiBo */,
			);
		};
/* End PBXProject section */

/* Begin PBXResourcesBuildPhase section */
		688172A820C13E89008AF49F /* Resources */ = {
			isa = PBXResourcesBuildPhase;
			buildActionMask = 2147483647;
			files = (
				688172BA20C13E8D008AF49F /* LaunchScreen.storyboard in Resources */,
				682BAFF120C13F8D0047938B /* Images.xcassets in Resources */,
				682BB09920C14EE10047938B /* MBProgressHUD.bundle in Resources */,
				682BAFEF20C13F0D0047938B /* ad_background@2x.png in Resources */,
				688172B520C13E89008AF49F /* Main.storyboard in Resources */,
			);
			runOnlyForDeploymentPostprocessing = 0;
		};
/* End PBXResourcesBuildPhase section */

/* Begin PBXSourcesBuildPhase section */
		688172A620C13E89008AF49F /* Sources */ = {
			isa = PBXSourcesBuildPhase;
			buildActionMask = 2147483647;
			files = (
				682BB0A520C14EE10047938B /* SDWebImageDownloaderOperation.m in Sources */,
				682BB03420C146270047938B /* UIView+Extension.m in Sources */,
				682BB0B520C14EE10047938B /* MJIvar.m in Sources */,
				682BB0B220C14EE10047938B /* AFSecurityPolicy.m in Sources */,
				682BB03220C146270047938B /* UIWindow+Extension.m in Sources */,
				682BB02E20C146270047938B /* NSString+Emoji.m in Sources */,
				688172BD20C13E8D008AF49F /* main.m in Sources */,
				682BB0BD20C14EE10047938B /* NSObject+MJMember.m in Sources */,
				682BB03020C146270047938B /* NSDate+Extension.m in Sources */,
				682BB0AD20C14EE10047938B /* AFURLSessionManager.m in Sources */,
				682BB03520C146270047938B /* FXBlurView.m in Sources */,
				682BB0A120C14EE10047938B /* UIImage+MultiFormat.m in Sources */,
				682BB0BB20C14EE10047938B /* MJArgument.m in Sources */,
				682BB0BA20C14EE10047938B /* MJMethod.m in Sources */,
				682BB0B320C14EE10047938B /* MJMember.m in Sources */,
				682BB0A220C14EE10047938B /* SDWebImageCompat.m in Sources */,
				682BB0BC20C14EE10047938B /* MJFoundation.m in Sources */,
				682BB00E20C1426C0047938B /* LBNavigationController.m in Sources */,
				682BB09720C14EE10047938B /* MBProgressHUD.m in Sources */,
				682BB00B20C142380047938B /* LBTabBarController.m in Sources */,
				682BB0B620C14EE10047938B /* MJType.m in Sources */,
				682BB0AB20C14EE10047938B /* AFHTTPSessionManager.m in Sources */,
				682BB0B420C14EE10047938B /* NSObject+MJKeyValue.m in Sources */,
				682BB0B920C14EE10047938B /* NSObject+MJCoding.m in Sources */,
				682BB09C20C14EE10047938B /* SDWebImageManager.m in Sources */,
				682BB09F20C14EE10047938B /* SDWebImageDownloader.m in Sources */,
				682BB01720C143140047938B /* LBDiscoverTableVController.m in Sources */,
				682BB0A920C14EE10047938B /* UIButton+WebCache.m in Sources */,
				682BB03C20C14D060047938B /* LBOAuthController.m in Sources */,
				682BB0A820C14EE10047938B /* UIView+WebCacheOperation.m in Sources */,
				682BB09E20C14EE10047938B /* UIImageView+HighlightedWebCache.m in Sources */,
				682BB09D20C14EE10047938B /* SDWebImageDecoder.m in Sources */,
				682BB0B820C14EE10047938B /* MJTypeEncoding.m in Sources */,
				682BB01A20C143240047938B /* LBHomeTableVController.m in Sources */,
				682BB03320C146270047938B /* UIBarButtonItem+Extension.m in Sources */,
				682BB0AF20C14EE10047938B /* AFURLRequestSerialization.m in Sources */,
				682BB03120C146270047938B /* NSString+Extension.m in Sources */,
				682BB0B720C14EE10047938B /* MJConst.m in Sources */,
				682BB0AC20C14EE10047938B /* AFURLConnectionOperation.m in Sources */,
				682BB03F20C14D230047938B /* LBAccount.m in Sources */,
				682BAFFA20C1413C0047938B /* AppDelegate.m in Sources */,
				682BB04220C14D3B0047938B /* LBAccountTool.m in Sources */,
				682BB0A420C14EE10047938B /* SDImageCache.m in Sources */,
				682BB09B20C14EE10047938B /* MKAnnotationView+WebCache.m in Sources */,
				682BB0B020C14EE10047938B /* AFHTTPRequestOperation.m in Sources */,
				682BB0AA20C14EE10047938B /* AFURLResponseSerialization.m in Sources */,
				682BB0AE20C14EE10047938B /* AFHTTPRequestOperationManager.m in Sources */,
				682BB0A620C14EE10047938B /* NSData+ImageContentType.m in Sources */,
				682BB0A320C14EE10047938B /* SDWebImagePrefetcher.m in Sources */,
				682BB0B120C14EE10047938B /* AFNetworkReachabilityManager.m in Sources */,
				682BB02F20C146270047938B /* UITextView+Extension.m in Sources */,
				682BB09820C14EE10047938B /* MBProgressHUD+MJ.m in Sources */,
				682BB01420C142FB0047938B /* LBMineTableVController.m in Sources */,
				682BB01120C142E90047938B /* LBMessageTableVController.m in Sources */,
				682BB0A720C14EE10047938B /* UIImageView+WebCache.m in Sources */,
				682BB0A020C14EE10047938B /* UIImage+GIF.m in Sources */,
				682BB09A20C14EE10047938B /* UIImage+WebP.m in Sources */,
			);
			runOnlyForDeploymentPostprocessing = 0;
		};
/* End PBXSourcesBuildPhase section */

/* Begin PBXVariantGroup section */
		688172B320C13E89008AF49F /* Main.storyboard */ = {
			isa = PBXVariantGroup;
			children = (
				688172B420C13E89008AF49F /* Base */,
			);
			name = Main.storyboard;
			sourceTree = "<group>";
		};
		688172B820C13E8D008AF49F /* LaunchScreen.storyboard */ = {
			isa = PBXVariantGroup;
			children = (
				688172B920C13E8D008AF49F /* Base */,
			);
			name = LaunchScreen.storyboard;
			sourceTree = "<group>";
		};
/* End PBXVariantGroup section */

/* Begin XCBuildConfiguration section */
		688172BE20C13E8D008AF49F /* Debug */ = {
			isa = XCBuildConfiguration;
			buildSettings = {
				ALWAYS_SEARCH_USER_PATHS = NO;
				CLANG_ANALYZER_NONNULL = YES;
				CLANG_ANALYZER_NUMBER_OBJECT_CONVERSION = YES_AGGRESSIVE;
				CLANG_CXX_LANGUAGE_STANDARD = "gnu++14";
				CLANG_CXX_LIBRARY = "libc++";
				CLANG_ENABLE_MODULES = YES;
				CLANG_ENABLE_OBJC_ARC = YES;
				CLANG_ENABLE_OBJC_WEAK = YES;
				CLANG_WARN_BLOCK_CAPTURE_AUTORELEASING = YES;
				CLANG_WARN_BOOL_CONVERSION = YES;
				CLANG_WARN_COMMA = YES;
				CLANG_WARN_CONSTANT_CONVERSION = YES;
				CLANG_WARN_DEPRECATED_OBJC_IMPLEMENTATIONS = YES;
				CLANG_WARN_DIRECT_OBJC_ISA_USAGE = YES_ERROR;
				CLANG_WARN_DOCUMENTATION_COMMENTS = YES;
				CLANG_WARN_EMPTY_BODY = YES;
				CLANG_WARN_ENUM_CONVERSION = YES;
				CLANG_WARN_INFINITE_RECURSION = YES;
				CLANG_WARN_INT_CONVERSION = YES;
				CLANG_WARN_NON_LITERAL_NULL_CONVERSION = YES;
				CLANG_WARN_OBJC_IMPLICIT_RETAIN_SELF = YES;
				CLANG_WARN_OBJC_LITERAL_CONVERSION = YES;
				CLANG_WARN_OBJC_ROOT_CLASS = YES_ERROR;
				CLANG_WARN_RANGE_LOOP_ANALYSIS = YES;
				CLANG_WARN_STRICT_PROTOTYPES = YES;
				CLANG_WARN_SUSPICIOUS_MOVE = YES;
				CLANG_WARN_UNGUARDED_AVAILABILITY = YES_AGGRESSIVE;
				CLANG_WARN_UNREACHABLE_CODE = YES;
				CLANG_WARN__DUPLICATE_METHOD_MATCH = YES;
				CODE_SIGN_IDENTITY = "iPhone Developer";
				COPY_PHASE_STRIP = NO;
				DEBUG_INFORMATION_FORMAT = dwarf;
				ENABLE_STRICT_OBJC_MSGSEND = YES;
				ENABLE_TESTABILITY = YES;
				GCC_C_LANGUAGE_STANDARD = gnu11;
				GCC_DYNAMIC_NO_PIC = NO;
				GCC_NO_COMMON_BLOCKS = YES;
				GCC_OPTIMIZATION_LEVEL = 0;
				GCC_PREPROCESSOR_DEFINITIONS = (
					"DEBUG=1",
					"$(inherited)",
				);
				GCC_WARN_64_TO_32_BIT_CONVERSION = YES;
				GCC_WARN_ABOUT_RETURN_TYPE = YES_ERROR;
				GCC_WARN_UNDECLARED_SELECTOR = YES;
				GCC_WARN_UNINITIALIZED_AUTOS = YES_AGGRESSIVE;
				GCC_WARN_UNUSED_FUNCTION = YES;
				GCC_WARN_UNUSED_VARIABLE = YES;
				IPHONEOS_DEPLOYMENT_TARGET = 11.3;
				MTL_ENABLE_DEBUG_INFO = YES;
				ONLY_ACTIVE_ARCH = YES;
				SDKROOT = iphoneos;
			};
			name = Debug;
		};
		688172BF20C13E8D008AF49F /* Release */ = {
			isa = XCBuildConfiguration;
			buildSettings = {
				ALWAYS_SEARCH_USER_PATHS = NO;
				CLANG_ANALYZER_NONNULL = YES;
				CLANG_ANALYZER_NUMBER_OBJECT_CONVERSION = YES_AGGRESSIVE;
				CLANG_CXX_LANGUAGE_STANDARD = "gnu++14";
				CLANG_CXX_LIBRARY = "libc++";
				CLANG_ENABLE_MODULES = YES;
				CLANG_ENABLE_OBJC_ARC = YES;
				CLANG_ENABLE_OBJC_WEAK = YES;
				CLANG_WARN_BLOCK_CAPTURE_AUTORELEASING = YES;
				CLANG_WARN_BOOL_CONVERSION = YES;
				CLANG_WARN_COMMA = YES;
				CLANG_WARN_CONSTANT_CONVERSION = YES;
				CLANG_WARN_DEPRECATED_OBJC_IMPLEMENTATIONS = YES;
				CLANG_WARN_DIRECT_OBJC_ISA_USAGE = YES_ERROR;
				CLANG_WARN_DOCUMENTATION_COMMENTS = YES;
				CLANG_WARN_EMPTY_BODY = YES;
				CLANG_WARN_ENUM_CONVERSION = YES;
				CLANG_WARN_INFINITE_RECURSION = YES;
				CLANG_WARN_INT_CONVERSION = YES;
				CLANG_WARN_NON_LITERAL_NULL_CONVERSION = YES;
				CLANG_WARN_OBJC_IMPLICIT_RETAIN_SELF = YES;
				CLANG_WARN_OBJC_LITERAL_CONVERSION = YES;
				CLANG_WARN_OBJC_ROOT_CLASS = YES_ERROR;
				CLANG_WARN_RANGE_LOOP_ANALYSIS = YES;
				CLANG_WARN_STRICT_PROTOTYPES = YES;
				CLANG_WARN_SUSPICIOUS_MOVE = YES;
				CLANG_WARN_UNGUARDED_AVAILABILITY = YES_AGGRESSIVE;
				CLANG_WARN_UNREACHABLE_CODE = YES;
				CLANG_WARN__DUPLICATE_METHOD_MATCH = YES;
				CODE_SIGN_IDENTITY = "iPhone Developer";
				COPY_PHASE_STRIP = NO;
				DEBUG_INFORMATION_FORMAT = "dwarf-with-dsym";
				ENABLE_NS_ASSERTIONS = NO;
				ENABLE_STRICT_OBJC_MSGSEND = YES;
				GCC_C_LANGUAGE_STANDARD = gnu11;
				GCC_NO_COMMON_BLOCKS = YES;
				GCC_WARN_64_TO_32_BIT_CONVERSION = YES;
				GCC_WARN_ABOUT_RETURN_TYPE = YES_ERROR;
				GCC_WARN_UNDECLARED_SELECTOR = YES;
				GCC_WARN_UNINITIALIZED_AUTOS = YES_AGGRESSIVE;
				GCC_WARN_UNUSED_FUNCTION = YES;
				GCC_WARN_UNUSED_VARIABLE = YES;
				IPHONEOS_DEPLOYMENT_TARGET = 11.3;
				MTL_ENABLE_DEBUG_INFO = NO;
				SDKROOT = iphoneos;
				VALIDATE_PRODUCT = YES;
			};
			name = Release;
		};
		688172C120C13E8D008AF49F /* Debug */ = {
			isa = XCBuildConfiguration;
			buildSettings = {
				ASSETCATALOG_COMPILER_APPICON_NAME = AppIcon;
				CODE_SIGN_STYLE = Automatic;
				DEVELOPMENT_TEAM = 2NJ7T6M66A;
				INFOPLIST_FILE = LBOCWeiBo/Info.plist;
				LD_RUNPATH_SEARCH_PATHS = (
					"$(inherited)",
					"@executable_path/Frameworks",
				);
				PRODUCT_BUNDLE_IDENTIFIER = liubo.LBOCWeiBo;
				PRODUCT_NAME = "$(TARGET_NAME)";
				TARGETED_DEVICE_FAMILY = "1,2";
			};
			name = Debug;
		};
		688172C220C13E8D008AF49F /* Release */ = {
			isa = XCBuildConfiguration;
			buildSettings = {
				ASSETCATALOG_COMPILER_APPICON_NAME = AppIcon;
				CODE_SIGN_STYLE = Automatic;
				DEVELOPMENT_TEAM = 2NJ7T6M66A;
				INFOPLIST_FILE = LBOCWeiBo/Info.plist;
				LD_RUNPATH_SEARCH_PATHS = (
					"$(inherited)",
					"@executable_path/Frameworks",
				);
				PRODUCT_BUNDLE_IDENTIFIER = liubo.LBOCWeiBo;
				PRODUCT_NAME = "$(TARGET_NAME)";
				TARGETED_DEVICE_FAMILY = "1,2";
			};
			name = Release;
		};
/* End XCBuildConfiguration section */

/* Begin XCConfigurationList section */
		688172A520C13E89008AF49F /* Build configuration list for PBXProject "LBOCWeiBo" */ = {
			isa = XCConfigurationList;
			buildConfigurations = (
				688172BE20C13E8D008AF49F /* Debug */,
				688172BF20C13E8D008AF49F /* Release */,
			);
			defaultConfigurationIsVisible = 0;
			defaultConfigurationName = Release;
		};
		688172C020C13E8D008AF49F /* Build configuration list for PBXNativeTarget "LBOCWeiBo" */ = {
			isa = XCConfigurationList;
			buildConfigurations = (
				688172C120C13E8D008AF49F /* Debug */,
				688172C220C13E8D008AF49F /* Release */,
			);
			defaultConfigurationIsVisible = 0;
			defaultConfigurationName = Release;
		};
/* End XCConfigurationList section */
	};
	rootObject = 688172A220C13E89008AF49F /* Project object */;
}
